// !$*UTF8*$!
{
	archiveVersion = 1;
	classes = {
	};
	objectVersion = 46;
	objects = {

/* Begin PBXBuildFile section */
		85CDB3F21B8C91840006FE0D /* main.m in Sources */ = {isa = PBXBuildFile; fileRef = 85CDB3F11B8C91840006FE0D /* main.m */; };
		85CDB3F51B8C91840006FE0D /* AppDelegate.m in Sources */ = {isa = PBXBuildFile; fileRef = 85CDB3F41B8C91840006FE0D /* AppDelegate.m */; };
		85CDB3F81B8C91840006FE0D /* ViewController.m in Sources */ = {isa = PBXBuildFile; fileRef = 85CDB3F71B8C91840006FE0D /* ViewController.m */; };
		85CDB3FB1B8C91840006FE0D /* Main.storyboard in Resources */ = {isa = PBXBuildFile; fileRef = 85CDB3F91B8C91840006FE0D /* Main.storyboard */; };
		85CDB3FD1B8C91840006FE0D /* Images.xcassets in Resources */ = {isa = PBXBuildFile; fileRef = 85CDB3FC1B8C91840006FE0D /* Images.xcassets */; };
		85CDB4001B8C91840006FE0D /* LaunchScreen.xib in Resources */ = {isa = PBXBuildFile; fileRef = 85CDB3FE1B8C91840006FE0D /* LaunchScreen.xib */; };
		85CDB40C1B8C91840006FE0D /* Demo2_secondTests.m in Sources */ = {isa = PBXBuildFile; fileRef = 85CDB40B1B8C91840006FE0D /* Demo2_secondTests.m */; };
/* End PBXBuildFile section */

/* Begin PBXContainerItemProxy section */
		85CDB4061B8C91840006FE0D /* PBXContainerItemProxy */ = {
			isa = PBXContainerItemProxy;
			containerPortal = 85CDB3E41B8C91840006FE0D /* Project object */;
			proxyType = 1;
			remoteGlobalIDString = 85CDB3EB1B8C91840006FE0D;
			remoteInfo = Demo2_second;
		};
/* End PBXContainerItemProxy section */

/* Begin PBXFileReference section */
		85CDB3EC1B8C91840006FE0D /* Demo2_second.app */ = {isa = PBXFileReference; explicitFileType = wrapper.application; includeInIndex = 0; path = Demo2_second.app; sourceTree = BUILT_PRODUCTS_DIR; };
		85CDB3F01B8C91840006FE0D /* Info.plist */ = {isa = PBXFileReference; lastKnownFileType = text.plist.xml; path = Info.plist; sourceTree = "<group>"; };
		85CDB3F11B8C91840006FE0D /* main.m */ = {isa = PBXFileReference; lastKnownFileType = sourcecode.c.objc; path = main.m; sourceTree = "<group>"; };
		85CDB3F31B8C91840006FE0D /* AppDelegate.h */ = {isa = PBXFileReference; lastKnownFileType = sourcecode.c.h; path = AppDelegate.h; sourceTree = "<group>"; };
		85CDB3F41B8C91840006FE0D /* AppDelegate.m */ = {isa = PBXFileReference; lastKnownFileType = sourcecode.c.objc; path = AppDelegate.m; sourceTree = "<group>"; };
		85CDB3F61B8C91840006FE0D /* ViewController.h */ = {isa = PBXFileReference; lastKnownFileType = sourcecode.c.h; path = ViewController.h; sourceTree = "<group>"; };
		85CDB3F71B8C91840006FE0D /* ViewController.m */ = {isa = PBXFileReference; lastKnownFileType = sourcecode.c.objc; path = ViewController.m; sourceTree = "<group>"; };
		85CDB3FA1B8C91840006FE0D /* Base */ = {isa = PBXFileReference; lastKnownFileType = file.storyboard; name = Base; path = Base.lproj/Main.storyboard; sourceTree = "<group>"; };
		85CDB3FC1B8C91840006FE0D /* Images.xcassets */ = {isa = PBXFileReference; lastKnownFileType = folder.assetcatalog; path = Images.xcassets; sourceTree = "<group>"; };
		85CDB3FF1B8C91840006FE0D /* Base */ = {isa = PBXFileReference; lastKnownFileType = file.xib; name = Base; path = Base.lproj/LaunchScreen.xib; sourceTree = "<group>"; };
		85CDB4051B8C91840006FE0D /* Demo2_secondTests.xctest */ = {isa = PBXFileReference; explicitFileType = wrapper.cfbundle; includeInIndex = 0; path = Demo2_secondTests.xctest; sourceTree = BUILT_PRODUCTS_DIR; };
		85CDB40A1B8C91840006FE0D /* Info.plist */ = {isa = PBXFileReference; lastKnownFileType = text.plist.xml; path = Info.plist; sourceTree = "<group>"; };
		85CDB40B1B8C91840006FE0D /* Demo2_secondTests.m */ = {isa = PBXFileReference; lastKnownFileType = sourcecode.c.objc; path = Demo2_secondTests.m; sourceTree = "<group>"; };
/* End PBXFileReference section */

/* Begin PBXFrameworksBuildPhase section */
		85CDB3E91B8C91840006FE0D /* Frameworks */ = {
			isa = PBXFrameworksBuildPhase;
			buildActionMask = 2147483647;
			files = (
			);
			runOnlyForDeploymentPostprocessing = 0;
		};
		85CDB4021B8C91840006FE0D /* Frameworks */ = {
			isa = PBXFrameworksBuildPhase;
			buildActionMask = 2147483647;
			files = (
			);
			runOnlyForDeploymentPostprocessing = 0;
		};
/* End PBXFrameworksBuildPhase section */

/* Begin PBXGroup section */
		85CDB3E31B8C91840006FE0D = {
			isa = PBXGroup;
			children = (
				85CDB3EE1B8C91840006FE0D /* Demo2_second */,
				85CDB4081B8C91840006FE0D /* Demo2_secondTests */,
				85CDB3ED1B8C91840006FE0D /* Products */,
			);
			sourceTree = "<group>";
		};
		85CDB3ED1B8C91840006FE0D /* Products */ = {
			isa = PBXGroup;
			children = (
				85CDB3EC1B8C91840006FE0D /* Demo2_second.app */,
				85CDB4051B8C91840006FE0D /* Demo2_secondTests.xctest */,
			);
			name = Products;
			sourceTree = "<group>";
		};
		85CDB3EE1B8C91840006FE0D /* Demo2_second */ = {
			isa = PBXGroup;
			children = (
				85CDB3F31B8C91840006FE0D /* AppDelegate.h */,
				85CDB3F41B8C91840006FE0D /* AppDelegate.m */,
				85CDB3F61B8C91840006FE0D /* ViewController.h */,
				85CDB3F71B8C91840006FE0D /* ViewController.m */,
				85CDB3F91B8C91840006FE0D /* Main.storyboard */,
				85CDB3FC1B8C91840006FE0D /* Images.xcassets */,
				85CDB3FE1B8C91840006FE0D /* LaunchScreen.xib */,
				85CDB3EF1B8C91840006FE0D /* Supporting Files */,
			);
			path = Demo2_second;
			sourceTree = "<group>";
		};
		85CDB3EF1B8C91840006FE0D /* Supporting Files */ = {
			isa = PBXGroup;
			children = (
				85CDB3F01B8C91840006FE0D /* Info.plist */,
				85CDB3F11B8C91840006FE0D /* main.m */,
			);
			name = "Supporting Files";
			sourceTree = "<group>";
		};
		85CDB4081B8C91840006FE0D /* Demo2_secondTests */ = {
			isa = PBXGroup;
			children = (
				85CDB40B1B8C91840006FE0D /* Demo2_secondTests.m */,
				85CDB4091B8C91840006FE0D /* Supporting Files */,
			);
			path = Demo2_secondTests;
			sourceTree = "<group>";
		};
		85CDB4091B8C91840006FE0D /* Supporting Files */ = {
			isa = PBXGroup;
			children = (
				85CDB40A1B8C91840006FE0D /* Info.plist */,
			);
			name = "Supporting Files";
			sourceTree = "<group>";
		};
/* End PBXGroup section */

/* Begin PBXNativeTarget section */
		85CDB3EB1B8C91840006FE0D /* Demo2_second */ = {
			isa = PBXNativeTarget;
			buildConfigurationList = 85CDB40F1B8C91840006FE0D /* Build configuration list for PBXNativeTarget "Demo2_second" */;
			buildPhases = (
				85CDB3E81B8C91840006FE0D /* Sources */,
				85CDB3E91B8C91840006FE0D /* Frameworks */,
				85CDB3EA1B8C91840006FE0D /* Resources */,
			);
			buildRules = (
			);
			dependencies = (
			);
			name = Demo2_second;
			productName = Demo2_second;
			productReference = 85CDB3EC1B8C91840006FE0D /* Demo2_second.app */;
			productType = "com.apple.product-type.application";
		};
		85CDB4041B8C91840006FE0D /* Demo2_secondTests */ = {
			isa = PBXNativeTarget;
			buildConfigurationList = 85CDB4121B8C91840006FE0D /* Build configuration list for PBXNativeTarget "Demo2_secondTests" */;
			buildPhases = (
				85CDB4011B8C91840006FE0D /* Sources */,
				85CDB4021B8C91840006FE0D /* Frameworks */,
				85CDB4031B8C91840006FE0D /* Resources */,
			);
			buildRules = (
			);
			dependencies = (
				85CDB4071B8C91840006FE0D /* PBXTargetDependency */,
			);
			name = Demo2_secondTests;
			productName = Demo2_secondTests;
			productReference = 85CDB4051B8C91840006FE0D /* Demo2_secondTests.xctest */;
			productType = "com.apple.product-type.bundle.unit-test";
		};
/* End PBXNativeTarget section */

/* Begin PBXProject section */
		85CDB3E41B8C91840006FE0D /* Project object */ = {
			isa = PBXProject;
			attributes = {
				LastUpgradeCheck = 0610;
				ORGANIZATIONNAME = tarena;
				TargetAttributes = {
					85CDB3EB1B8C91840006FE0D = {
						CreatedOnToolsVersion = 6.1;
					};
					85CDB4041B8C91840006FE0D = {
						CreatedOnToolsVersion = 6.1;
						TestTargetID = 85CDB3EB1B8C91840006FE0D;
					};
				};
			};
			buildConfigurationList = 85CDB3E71B8C91840006FE0D /* Build configuration list for PBXProject "Demo2_second" */;
			compatibilityVersion = "Xcode 3.2";
			developmentRegion = English;
			hasScannedForEncodings = 0;
			knownRegions = (
				en,
				Base,
			);
			mainGroup = 85CDB3E31B8C91840006FE0D;
			productRefGroup = 85CDB3ED1B8C91840006FE0D /* Products */;
			projectDirPath = "";
			projectRoot = "";
			targets = (
				85CDB3EB1B8C91840006FE0D /* Demo2_second */,
				85CDB4041B8C91840006FE0D /* Demo2_secondTests */,
			);
		};
/* End PBXProject section */

/* Begin PBXResourcesBuildPhase section */
		85CDB3EA1B8C91840006FE0D /* Resources */ = {
			isa = PBXResourcesBuildPhase;
			buildActionMask = 2147483647;
			files = (
				85CDB3FB1B8C91840006FE0D /* Main.storyboard in Resources */,
				85CDB4001B8C91840006FE0D /* LaunchScreen.xib in Resources */,
				85CDB3FD1B8C91840006FE0D /* Images.xcassets in Resources */,
			);
			runOnlyForDeploymentPostprocessing = 0;
		};
		85CDB4031B8C91840006FE0D /* Resources */ = {
			isa = PBXResourcesBuildPhase;
			buildActionMask = 2147483647;
			files = (
			);
			runOnlyForDeploymentPostprocessing = 0;
		};
/* End PBXResourcesBuildPhase section */

/* Begin PBXSourcesBuildPhase section */
		85CDB3E81B8C91840006FE0D /* Sources */ = {
			isa = PBXSourcesBuildPhase;
			buildActionMask = 2147483647;
			files = (
				85CDB3F81B8C91840006FE0D /* ViewController.m in Sources */,
				85CDB3F51B8C91840006FE0D /* AppDelegate.m in Sources */,
				85CDB3F21B8C91840006FE0D /* main.m in Sources */,
			);
			runOnlyForDeploymentPostprocessing = 0;
		};
		85CDB4011B8C91840006FE0D /* Sources */ = {
			isa = PBXSourcesBuildPhase;
			buildActionMask = 2147483647;
			files = (
				85CDB40C1B8C91840006FE0D /* Demo2_secondTests.m in Sources */,
			);
			runOnlyForDeploymentPostprocessing = 0;
		};
/* End PBXSourcesBuildPhase section */

/* Begin PBXTargetDependency section */
		85CDB4071B8C91840006FE0D /* PBXTargetDependency */ = {
			isa = PBXTargetDependency;
			target = 85CDB3EB1B8C91840006FE0D /* Demo2_second */;
			targetProxy = 85CDB4061B8C91840006FE0D /* PBXContainerItemProxy */;
		};
/* End PBXTargetDependency section */

/* Begin PBXVariantGroup section */
		85CDB3F91B8C91840006FE0D /* Main.storyboard */ = {
			isa = PBXVariantGroup;
			children = (
				85CDB3FA1B8C91840006FE0D /* Base */,
			);
			name = Main.storyboard;
			sourceTree = "<group>";
		};
		85CDB3FE1B8C91840006FE0D /* LaunchScreen.xib */ = {
			isa = PBXVariantGroup;
			children = (
				85CDB3FF1B8C91840006FE0D /* Base */,
			);
			name = LaunchScreen.xib;
			sourceTree = "<group>";
		};
/* End PBXVariantGroup section */

/* Begin XCBuildConfiguration section */
		85CDB40D1B8C91840006FE0D /* Debug */ = {
			isa = XCBuildConfiguration;
			buildSettings = {
				ALWAYS_SEARCH_USER_PATHS = NO;
				CLANG_CXX_LANGUAGE_STANDARD = "gnu++0x";
				CLANG_CXX_LIBRARY = "libc++";
				CLANG_ENABLE_MODULES = YES;
				CLANG_ENABLE_OBJC_ARC = YES;
				CLANG_WARN_BOOL_CONVERSION = YES;
				CLANG_WARN_CONSTANT_CONVERSION = YES;
				CLANG_WARN_DIRECT_OBJC_ISA_USAGE = YES_ERROR;
				CLANG_WARN_EMPTY_BODY = YES;
				CLANG_WARN_ENUM_CONVERSION = YES;
				CLANG_WARN_INT_CONVERSION = YES;
				CLANG_WARN_OBJC_ROOT_CLASS = YES_ERROR;
				CLANG_WARN_UNREACHABLE_CODE = YES;
				CLANG_WARN__DUPLICATE_METHOD_MATCH = YES;
				"CODE_SIGN_IDENTITY[sdk=iphoneos*]" = "iPhone Developer";
				COPY_PHASE_STRIP = NO;
				ENABLE_STRICT_OBJC_MSGSEND = YES;
				GCC_C_LANGUAGE_STANDARD = gnu99;
				GCC_DYNAMIC_NO_PIC = NO;
				GCC_OPTIMIZATION_LEVEL = 0;
				GCC_PREPROCESSOR_DEFINITIONS = (
					"DEBUG=1",
					"$(inherited)",
				);
				GCC_SYMBOLS_PRIVATE_EXTERN = NO;
				GCC_WARN_64_TO_32_BIT_CONVERSION = YES;
				GCC_WARN_ABOUT_RETURN_TYPE = YES_ERROR;
				GCC_WARN_UNDECLARED_SELECTOR = YES;
				GCC_WARN_UNINITIALIZED_AUTOS = YES_AGGRESSIVE;
				GCC_WARN_UNUSED_FUNCTION = YES;
				GCC_WARN_UNUSED_VARIABLE = YES;
				IPHONEOS_DEPLOYMENT_TARGET = 8.1;
				MTL_ENABLE_DEBUG_INFO = YES;
				ONLY_ACTIVE_ARCH = YES;
				SDKROOT = iphoneos;
			};
			name = Debug;
		};
		85CDB40E1B8C91840006FE0D /* Release */ = {
			isa = XCBuildConfiguration;
			buildSettings = {
				ALWAYS_SEARCH_USER_PATHS = NO;
				CLANG_CXX_LANGUAGE_STANDARD = "gnu++0x";
				CLANG_CXX_LIBRARY = "libc++";
				CLANG_ENABLE_MODULES = YES;
				CLANG_ENABLE_OBJC_ARC = YES;
				CLANG_WARN_BOOL_CONVERSION = YES;
				CLANG_WARN_CONSTANT_CONVERSION = YES;
				CLANG_WARN_DIRECT_OBJC_ISA_USAGE = YES_ERROR;
				CLANG_WARN_EMPTY_BODY = YES;
				CLANG_WARN_ENUM_CONVERSION = YES;
				CLANG_WARN_INT_CONVERSION = YES;
				CLANG_WARN_OBJC_ROOT_CLASS = YES_ERROR;
				CLANG_WARN_UNREACHABLE_CODE = YES;
				CLANG_WARN__DUPLICATE_METHOD_MATCH = YES;
				"CODE_SIGN_IDENTITY[sdk=iphoneos*]" = "iPhone Developer";
				COPY_PHASE_STRIP = YES;
				ENABLE_NS_ASSERTIONS = NO;
				ENABLE_STRICT_OBJC_MSGSEND = YES;
				GCC_C_LANGUAGE_STANDARD = gnu99;
				GCC_WARN_64_TO_32_BIT_CONVERSION = YES;
				GCC_WARN_ABOUT_RETURN_TYPE = YES_ERROR;
				GCC_WARN_UNDECLARED_SELECTOR = YES;
				GCC_WARN_UNINITIALIZED_AUTOS = YES_AGGRESSIVE;
				GCC_WARN_UNUSED_FUNCTION = YES;
				GCC_WARN_UNUSED_VARIABLE = YES;
				IPHONEOS_DEPLOYMENT_TARGET = 8.1;
				MTL_ENABLE_DEBUG_INFO = NO;
				SDKROOT = iphoneos;
				VALIDATE_PRODUCT = YES;
			};
			name = Release;
		};
		85CDB4101B8C91840006FE0D /* Debug */ = {
			isa = XCBuildConfiguration;
			buildSettings = {
				ASSETCATALOG_COMPILER_APPICON_NAME = AppIcon;
				INFOPLIST_FILE = Demo2_second/Info.plist;
				LD_RUNPATH_SEARCH_PATHS = "$(inherited) @executable_path/Frameworks";
				PRODUCT_NAME = "$(TARGET_NAME)";
			};
			name = Debug;
		};
		85CDB4111B8C91840006FE0D /* Release */ = {
			isa = XCBuildConfiguration;
			buildSettings = {
				ASSETCATALOG_COMPILER_APPICON_NAME = AppIcon;
				INFOPLIST_FILE = Demo2_second/Info.plist;
				LD_RUNPATH_SEARCH_PATHS = "$(inherited) @executable_path/Frameworks";
				PRODUCT_NAME = "$(TARGET_NAME)";
			};
			name = Release;
		};
		85CDB4131B8C91840006FE0D /* Debug */ = {
			isa = XCBuildConfiguration;
			buildSettings = {
				BUNDLE_LOADER = "$(TEST_HOST)";
				FRAMEWORK_SEARCH_PATHS = (
					"$(SDKROOT)/Developer/Library/Frameworks",
					"$(inherited)",
				);
				GCC_PREPROCESSOR_DEFINITIONS = (
					"DEBUG=1",
					"$(inherited)",
				);
				INFOPLIST_FILE = Demo2_secondTests/Info.plist;
				LD_RUNPATH_SEARCH_PATHS = "$(inherited) @executable_path/Frameworks @loader_path/Frameworks";
				PRODUCT_NAME = "$(TARGET_NAME)";
				TEST_HOST = "$(BUILT_PRODUCTS_DIR)/Demo2_second.app/Demo2_second";
			};
			name = Debug;
		};
		85CDB4141B8C91840006FE0D /* Release */ = {
			isa = XCBuildConfiguration;
			buildSettings = {
				BUNDLE_LOADER = "$(TEST_HOST)";
				FRAMEWORK_SEARCH_PATHS = (
					"$(SDKROOT)/Developer/Library/Frameworks",
					"$(inherited)",
				);
				INFOPLIST_FILE = Demo2_secondTests/Info.plist;
				LD_RUNPATH_SEARCH_PATHS = "$(inherited) @executable_path/Frameworks @loader_path/Frameworks";
				PRODUCT_NAME = "$(TARGET_NAME)";
				TEST_HOST = "$(BUILT_PRODUCTS_DIR)/Demo2_second.app/Demo2_second";
			};
			name = Release;
		};
/* End XCBuildConfiguration section */

/* Begin XCConfigurationList section */
		85CDB3E71B8C91840006FE0D /* Build configuration list for PBXProject "Demo2_second" */ = {
			isa = XCConfigurationList;
			buildConfigurations = (
				85CDB40D1B8C91840006FE0D /* Debug */,
				85CDB40E1B8C91840006FE0D /* Release */,
			);
			defaultConfigurationIsVisible = 0;
			defaultConfigurationName = Release;
		};
		85CDB40F1B8C91840006FE0D /* Build configuration list for PBXNativeTarget "Demo2_second" */ = {
			isa = XCConfigurationList;
			buildConfigurations = (
				85CDB4101B8C91840006FE0D /* Debug */,
				85CDB4111B8C91840006FE0D /* Release */,
			);
			defaultConfigurationIsVisible = 0;
		};
		85CDB4121B8C91840006FE0D /* Build configuration list for PBXNativeTarget "Demo2_secondTests" */ = {
			isa = XCConfigurationList;
			buildConfigurations = (
				85CDB4131B8C91840006FE0D /* Debug */,
				85CDB4141B8C91840006FE0D /* Release */,
			);
			defaultConfigurationIsVisible = 0;
		};
/* End XCConfigurationList section */
	};
	rootObject = 85CDB3E41B8C91840006FE0D /* Project object */;
}
